{"filter":false,"title":"package-lock.json","tooltip":"/order-app/src/order-management/functions/managestate/package-lock.json","undoManager":{"mark":-1,"position":-1,"stack":[]},"ace":{"folds":[],"scrolltop":0,"scrollleft":0,"selection":{"start":{"row":0,"column":0},"end":{"row":0,"column":0},"isBackwards":false},"options":{"guessTabSize":true,"useWrapMode":false,"wrapToView":true},"firstLineState":{"row":115,"state":"start","mode":"ace/mode/json"}},"timestamp":1687524431901,"hash":"1315411706f1d7dad82d5567a61b6735c78405e6"}