{"filter":false,"title":"package-lock.json","tooltip":"/order-app/src/order-api/functions/get-single-order/package-lock.json","ace":{"folds":[],"scrolltop":0,"scrollleft":0,"selection":{"start":{"row":0,"column":0},"end":{"row":0,"column":0},"isBackwards":false},"options":{"guessTabSize":true,"useWrapMode":false,"wrapToView":true},"firstLineState":0},"hash":"939c7a429d03cfaf361a5a7284a29db9aa9286de","mime":"application/json","undoManager":{"mark":-1,"position":-1,"stack":[]},"timestamp":1687382370324}